// !$*UTF8*$!
{
	archiveVersion = 1;
	classes = {
	};
	objectVersion = 46;
	objects = {

/* Begin PBXBuildFile section */
		5288F89F1810864D00010BC5 /* Foundation.framework in Frameworks */ = {isa = PBXBuildFile; fileRef = 5288F89E1810864D00010BC5 /* Foundation.framework */; };
		5288F8A11810864D00010BC5 /* CoreGraphics.framework in Frameworks */ = {isa = PBXBuildFile; fileRef = 5288F8A01810864D00010BC5 /* CoreGraphics.framework */; };
		5288F8A31810864D00010BC5 /* UIKit.framework in Frameworks */ = {isa = PBXBuildFile; fileRef = 5288F8A21810864D00010BC5 /* UIKit.framework */; };
		5288F8A51810864D00010BC5 /* SpriteKit.framework in Frameworks */ = {isa = PBXBuildFile; fileRef = 5288F8A41810864D00010BC5 /* SpriteKit.framework */; };
		5288F8AB1810864D00010BC5 /* InfoPlist.strings in Resources */ = {isa = PBXBuildFile; fileRef = 5288F8A91810864D00010BC5 /* InfoPlist.strings */; };
		5288F8AD1810864D00010BC5 /* main.m in Sources */ = {isa = PBXBuildFile; fileRef = 5288F8AC1810864D00010BC5 /* main.m */; };
		5288F8B11810864D00010BC5 /* dwAppDelegate.m in Sources */ = {isa = PBXBuildFile; fileRef = 5288F8B01810864D00010BC5 /* dwAppDelegate.m */; };
		5288F8B41810864D00010BC5 /* Main.storyboard in Resources */ = {isa = PBXBuildFile; fileRef = 5288F8B21810864D00010BC5 /* Main.storyboard */; };
		5288F8B71810864D00010BC5 /* dwViewController.m in Sources */ = {isa = PBXBuildFile; fileRef = 5288F8B61810864D00010BC5 /* dwViewController.m */; };
		5288F8BA1810864D00010BC5 /* dwMyScene.m in Sources */ = {isa = PBXBuildFile; fileRef = 5288F8B91810864D00010BC5 /* dwMyScene.m */; };
		5288F8BC1810864D00010BC5 /* Spaceship.png in Resources */ = {isa = PBXBuildFile; fileRef = 5288F8BB1810864D00010BC5 /* Spaceship.png */; };
		5288F8BE1810864D00010BC5 /* Images.xcassets in Resources */ = {isa = PBXBuildFile; fileRef = 5288F8BD1810864D00010BC5 /* Images.xcassets */; };
		5288F8C51810864D00010BC5 /* XCTest.framework in Frameworks */ = {isa = PBXBuildFile; fileRef = 5288F8C41810864D00010BC5 /* XCTest.framework */; };
		5288F8C61810864D00010BC5 /* Foundation.framework in Frameworks */ = {isa = PBXBuildFile; fileRef = 5288F89E1810864D00010BC5 /* Foundation.framework */; };
		5288F8C71810864D00010BC5 /* UIKit.framework in Frameworks */ = {isa = PBXBuildFile; fileRef = 5288F8A21810864D00010BC5 /* UIKit.framework */; };
		5288F8CF1810864D00010BC5 /* InfoPlist.strings in Resources */ = {isa = PBXBuildFile; fileRef = 5288F8CD1810864D00010BC5 /* InfoPlist.strings */; };
		5288F8D11810864D00010BC5 /* SpriteKitSimpleGameTests.m in Sources */ = {isa = PBXBuildFile; fileRef = 5288F8D01810864D00010BC5 /* SpriteKitSimpleGameTests.m */; };
		528D833D181089C800547A38 /* background-music-aac.caf in Resources */ = {isa = PBXBuildFile; fileRef = 528D833A181089C800547A38 /* background-music-aac.caf */; };
		528D833E181089C800547A38 /* pew-pew-lei.caf in Resources */ = {isa = PBXBuildFile; fileRef = 528D833B181089C800547A38 /* pew-pew-lei.caf */; };
		528D833F181089C800547A38 /* sprites.atlas in Resources */ = {isa = PBXBuildFile; fileRef = 528D833C181089C800547A38 /* sprites.atlas */; };
		528D83421810A81800547A38 /* GameOverScene.m in Sources */ = {isa = PBXBuildFile; fileRef = 528D83411810A81800547A38 /* GameOverScene.m */; };
/* End PBXBuildFile section */

/* Begin PBXContainerItemProxy section */
		5288F8C81810864D00010BC5 /* PBXContainerItemProxy */ = {
			isa = PBXContainerItemProxy;
			containerPortal = 5288F8931810864D00010BC5 /* Project object */;
			proxyType = 1;
			remoteGlobalIDString = 5288F89A1810864D00010BC5;
			remoteInfo = SpriteKitSimpleGame;
		};
/* End PBXContainerItemProxy section */

/* Begin PBXFileReference section */
		5288F89B1810864D00010BC5 /* SpriteKitSimpleGame.app */ = {isa = PBXFileReference; explicitFileType = wrapper.application; includeInIndex = 0; path = SpriteKitSimpleGame.app; sourceTree = BUILT_PRODUCTS_DIR; };
		5288F89E1810864D00010BC5 /* Foundation.framework */ = {isa = PBXFileReference; lastKnownFileType = wrapper.framework; name = Foundation.framework; path = System/Library/Frameworks/Foundation.framework; sourceTree = SDKROOT; };
		5288F8A01810864D00010BC5 /* CoreGraphics.framework */ = {isa = PBXFileReference; lastKnownFileType = wrapper.framework; name = CoreGraphics.framework; path = System/Library/Frameworks/CoreGraphics.framework; sourceTree = SDKROOT; };
		5288F8A21810864D00010BC5 /* UIKit.framework */ = {isa = PBXFileReference; lastKnownFileType = wrapper.framework; name = UIKit.framework; path = System/Library/Frameworks/UIKit.framework; sourceTree = SDKROOT; };
		5288F8A41810864D00010BC5 /* SpriteKit.framework */ = {isa = PBXFileReference; lastKnownFileType = wrapper.framework; name = SpriteKit.framework; path = System/Library/Frameworks/SpriteKit.framework; sourceTree = SDKROOT; };
		5288F8A81810864D00010BC5 /* SpriteKitSimpleGame-Info.plist */ = {isa = PBXFileReference; lastKnownFileType = text.plist.xml; path = "SpriteKitSimpleGame-Info.plist"; sourceTree = "<group>"; };
		5288F8AA1810864D00010BC5 /* en */ = {isa = PBXFileReference; lastKnownFileType = text.plist.strings; name = en; path = en.lproj/InfoPlist.strings; sourceTree = "<group>"; };
		5288F8AC1810864D00010BC5 /* main.m */ = {isa = PBXFileReference; lastKnownFileType = sourcecode.c.objc; path = main.m; sourceTree = "<group>"; };
		5288F8AE1810864D00010BC5 /* SpriteKitSimpleGame-Prefix.pch */ = {isa = PBXFileReference; lastKnownFileType = sourcecode.c.h; path = "SpriteKitSimpleGame-Prefix.pch"; sourceTree = "<group>"; };
		5288F8AF1810864D00010BC5 /* dwAppDelegate.h */ = {isa = PBXFileReference; lastKnownFileType = sourcecode.c.h; path = dwAppDelegate.h; sourceTree = "<group>"; };
		5288F8B01810864D00010BC5 /* dwAppDelegate.m */ = {isa = PBXFileReference; lastKnownFileType = sourcecode.c.objc; path = dwAppDelegate.m; sourceTree = "<group>"; };
		5288F8B31810864D00010BC5 /* Base */ = {isa = PBXFileReference; lastKnownFileType = file.storyboard; name = Base; path = Base.lproj/Main.storyboard; sourceTree = "<group>"; };
		5288F8B51810864D00010BC5 /* dwViewController.h */ = {isa = PBXFileReference; lastKnownFileType = sourcecode.c.h; path = dwViewController.h; sourceTree = "<group>"; };
		5288F8B61810864D00010BC5 /* dwViewController.m */ = {isa = PBXFileReference; lastKnownFileType = sourcecode.c.objc; path = dwViewController.m; sourceTree = "<group>"; };
		5288F8B81810864D00010BC5 /* dwMyScene.h */ = {isa = PBXFileReference; lastKnownFileType = sourcecode.c.h; path = dwMyScene.h; sourceTree = "<group>"; };
		5288F8B91810864D00010BC5 /* dwMyScene.m */ = {isa = PBXFileReference; lastKnownFileType = sourcecode.c.objc; path = dwMyScene.m; sourceTree = "<group>"; };
		5288F8BB1810864D00010BC5 /* Spaceship.png */ = {isa = PBXFileReference; lastKnownFileType = image.png; path = Spaceship.png; sourceTree = "<group>"; };
		5288F8BD1810864D00010BC5 /* Images.xcassets */ = {isa = PBXFileReference; lastKnownFileType = folder.assetcatalog; path = Images.xcassets; sourceTree = "<group>"; };
		5288F8C31810864D00010BC5 /* SpriteKitSimpleGameTests.xctest */ = {isa = PBXFileReference; explicitFileType = wrapper.cfbundle; includeInIndex = 0; path = SpriteKitSimpleGameTests.xctest; sourceTree = BUILT_PRODUCTS_DIR; };
		5288F8C41810864D00010BC5 /* XCTest.framework */ = {isa = PBXFileReference; lastKnownFileType = wrapper.framework; name = XCTest.framework; path = Library/Frameworks/XCTest.framework; sourceTree = DEVELOPER_DIR; };
		5288F8CC1810864D00010BC5 /* SpriteKitSimpleGameTests-Info.plist */ = {isa = PBXFileReference; lastKnownFileType = text.plist.xml; path = "SpriteKitSimpleGameTests-Info.plist"; sourceTree = "<group>"; };
		5288F8CE1810864D00010BC5 /* en */ = {isa = PBXFileReference; lastKnownFileType = text.plist.strings; name = en; path = en.lproj/InfoPlist.strings; sourceTree = "<group>"; };
		5288F8D01810864D00010BC5 /* SpriteKitSimpleGameTests.m */ = {isa = PBXFileReference; lastKnownFileType = sourcecode.c.objc; path = SpriteKitSimpleGameTests.m; sourceTree = "<group>"; };
		528D833A181089C800547A38 /* background-music-aac.caf */ = {isa = PBXFileReference; lastKnownFileType = file; path = "background-music-aac.caf"; sourceTree = "<group>"; };
		528D833B181089C800547A38 /* pew-pew-lei.caf */ = {isa = PBXFileReference; lastKnownFileType = file; path = "pew-pew-lei.caf"; sourceTree = "<group>"; };
		528D833C181089C800547A38 /* sprites.atlas */ = {isa = PBXFileReference; lastKnownFileType = folder.skatlas; path = sprites.atlas; sourceTree = "<group>"; };
		528D83401810A81800547A38 /* GameOverScene.h */ = {isa = PBXFileReference; fileEncoding = 4; lastKnownFileType = sourcecode.c.h; path = GameOverScene.h; sourceTree = "<group>"; };
		528D83411810A81800547A38 /* GameOverScene.m */ = {isa = PBXFileReference; fileEncoding = 4; lastKnownFileType = sourcecode.c.objc; path = GameOverScene.m; sourceTree = "<group>"; };
/* End PBXFileReference section */

/* Begin PBXFrameworksBuildPhase section */
		5288F8981810864D00010BC5 /* Frameworks */ = {
			isa = PBXFrameworksBuildPhase;
			buildActionMask = 2147483647;
			files = (
				5288F8A11810864D00010BC5 /* CoreGraphics.framework in Frameworks */,
				5288F8A31810864D00010BC5 /* UIKit.framework in Frameworks */,
				5288F8A51810864D00010BC5 /* SpriteKit.framework in Frameworks */,
				5288F89F1810864D00010BC5 /* Foundation.framework in Frameworks */,
			);
			runOnlyForDeploymentPostprocessing = 0;
		};
		5288F8C01810864D00010BC5 /* Frameworks */ = {
			isa = PBXFrameworksBuildPhase;
			buildActionMask = 2147483647;
			files = (
				5288F8C51810864D00010BC5 /* XCTest.framework in Frameworks */,
				5288F8C71810864D00010BC5 /* UIKit.framework in Frameworks */,
				5288F8C61810864D00010BC5 /* Foundation.framework in Frameworks */,
			);
			runOnlyForDeploymentPostprocessing = 0;
		};
/* End PBXFrameworksBuildPhase section */

/* Begin PBXGroup section */
		5288F8921810864D00010BC5 = {
			isa = PBXGroup;
			children = (
				5288F8A61810864D00010BC5 /* SpriteKitSimpleGame */,
				5288F8CA1810864D00010BC5 /* SpriteKitSimpleGameTests */,
				5288F89D1810864D00010BC5 /* Frameworks */,
				5288F89C1810864D00010BC5 /* Products */,
			);
			sourceTree = "<group>";
		};
		5288F89C1810864D00010BC5 /* Products */ = {
			isa = PBXGroup;
			children = (
				5288F89B1810864D00010BC5 /* SpriteKitSimpleGame.app */,
				5288F8C31810864D00010BC5 /* SpriteKitSimpleGameTests.xctest */,
			);
			name = Products;
			sourceTree = "<group>";
		};
		5288F89D1810864D00010BC5 /* Frameworks */ = {
			isa = PBXGroup;
			children = (
				5288F89E1810864D00010BC5 /* Foundation.framework */,
				5288F8A01810864D00010BC5 /* CoreGraphics.framework */,
				5288F8A21810864D00010BC5 /* UIKit.framework */,
				5288F8A41810864D00010BC5 /* SpriteKit.framework */,
				5288F8C41810864D00010BC5 /* XCTest.framework */,
			);
			name = Frameworks;
			sourceTree = "<group>";
		};
		5288F8A61810864D00010BC5 /* SpriteKitSimpleGame */ = {
			isa = PBXGroup;
			children = (
				5288F8AF1810864D00010BC5 /* dwAppDelegate.h */,
				5288F8B01810864D00010BC5 /* dwAppDelegate.m */,
				5288F8B21810864D00010BC5 /* Main.storyboard */,
				5288F8B51810864D00010BC5 /* dwViewController.h */,
				5288F8B61810864D00010BC5 /* dwViewController.m */,
				5288F8B81810864D00010BC5 /* dwMyScene.h */,
				5288F8B91810864D00010BC5 /* dwMyScene.m */,
				528D83401810A81800547A38 /* GameOverScene.h */,
				528D83411810A81800547A38 /* GameOverScene.m */,
				5288F8BB1810864D00010BC5 /* Spaceship.png */,
				5288F8BD1810864D00010BC5 /* Images.xcassets */,
				528D8339181089C800547A38 /* Sounds */,
				528D833C181089C800547A38 /* sprites.atlas */,
				5288F8A71810864D00010BC5 /* Supporting Files */,
			);
			path = SpriteKitSimpleGame;
			sourceTree = "<group>";
		};
		5288F8A71810864D00010BC5 /* Supporting Files */ = {
			isa = PBXGroup;
			children = (
				5288F8A81810864D00010BC5 /* SpriteKitSimpleGame-Info.plist */,
				5288F8A91810864D00010BC5 /* InfoPlist.strings */,
				5288F8AC1810864D00010BC5 /* main.m */,
				5288F8AE1810864D00010BC5 /* SpriteKitSimpleGame-Prefix.pch */,
			);
			name = "Supporting Files";
			sourceTree = "<group>";
		};
		5288F8CA1810864D00010BC5 /* SpriteKitSimpleGameTests */ = {
			isa = PBXGroup;
			children = (
				5288F8D01810864D00010BC5 /* SpriteKitSimpleGameTests.m */,
				5288F8CB1810864D00010BC5 /* Supporting Files */,
			);
			path = SpriteKitSimpleGameTests;
			sourceTree = "<group>";
		};
		5288F8CB1810864D00010BC5 /* Supporting Files */ = {
			isa = PBXGroup;
			children = (
				5288F8CC1810864D00010BC5 /* SpriteKitSimpleGameTests-Info.plist */,
				5288F8CD1810864D00010BC5 /* InfoPlist.strings */,
			);
			name = "Supporting Files";
			sourceTree = "<group>";
		};
		528D8339181089C800547A38 /* Sounds */ = {
			isa = PBXGroup;
			children = (
				528D833A181089C800547A38 /* background-music-aac.caf */,
				528D833B181089C800547A38 /* pew-pew-lei.caf */,
			);
			path = Sounds;
			sourceTree = "<group>";
		};
/* End PBXGroup section */

/* Begin PBXNativeTarget section */
		5288F89A1810864D00010BC5 /* SpriteKitSimpleGame */ = {
			isa = PBXNativeTarget;
			buildConfigurationList = 5288F8D41810864D00010BC5 /* Build configuration list for PBXNativeTarget "SpriteKitSimpleGame" */;
			buildPhases = (
				5288F8971810864D00010BC5 /* Sources */,
				5288F8981810864D00010BC5 /* Frameworks */,
				5288F8991810864D00010BC5 /* Resources */,
			);
			buildRules = (
			);
			dependencies = (
			);
			name = SpriteKitSimpleGame;
			productName = SpriteKitSimpleGame;
			productReference = 5288F89B1810864D00010BC5 /* SpriteKitSimpleGame.app */;
			productType = "com.apple.product-type.application";
		};
		5288F8C21810864D00010BC5 /* SpriteKitSimpleGameTests */ = {
			isa = PBXNativeTarget;
			buildConfigurationList = 5288F8D71810864D00010BC5 /* Build configuration list for PBXNativeTarget "SpriteKitSimpleGameTests" */;
			buildPhases = (
				5288F8BF1810864D00010BC5 /* Sources */,
				5288F8C01810864D00010BC5 /* Frameworks */,
				5288F8C11810864D00010BC5 /* Resources */,
			);
			buildRules = (
			);
			dependencies = (
				5288F8C91810864D00010BC5 /* PBXTargetDependency */,
			);
			name = SpriteKitSimpleGameTests;
			productName = SpriteKitSimpleGameTests;
			productReference = 5288F8C31810864D00010BC5 /* SpriteKitSimpleGameTests.xctest */;
			productType = "com.apple.product-type.bundle.unit-test";
		};
/* End PBXNativeTarget section */

/* Begin PBXProject section */
		5288F8931810864D00010BC5 /* Project object */ = {
			isa = PBXProject;
			attributes = {
				CLASSPREFIX = dw;
				LastUpgradeCheck = 0500;
				ORGANIZATIONNAME = DW;
				TargetAttributes = {
					5288F8C21810864D00010BC5 = {
						TestTargetID = 5288F89A1810864D00010BC5;
					};
				};
			};
			buildConfigurationList = 5288F8961810864D00010BC5 /* Build configuration list for PBXProject "SpriteKitSimpleGame" */;
			compatibilityVersion = "Xcode 3.2";
			developmentRegion = English;
			hasScannedForEncodings = 0;
			knownRegions = (
				en,
				Base,
			);
			mainGroup = 5288F8921810864D00010BC5;
			productRefGroup = 5288F89C1810864D00010BC5 /* Products */;
			projectDirPath = "";
			projectRoot = "";
			targets = (
				5288F89A1810864D00010BC5 /* SpriteKitSimpleGame */,
				5288F8C21810864D00010BC5 /* SpriteKitSimpleGameTests */,
			);
		};
/* End PBXProject section */

/* Begin PBXResourcesBuildPhase section */
		5288F8991810864D00010BC5 /* Resources */ = {
			isa = PBXResourcesBuildPhase;
			buildActionMask = 2147483647;
			files = (
				528D833F181089C800547A38 /* sprites.atlas in Resources */,
				528D833D181089C800547A38 /* background-music-aac.caf in Resources */,
				5288F8AB1810864D00010BC5 /* InfoPlist.strings in Resources */,
				5288F8BE1810864D00010BC5 /* Images.xcassets in Resources */,
				5288F8BC1810864D00010BC5 /* Spaceship.png in Resources */,
				5288F8B41810864D00010BC5 /* Main.storyboard in Resources */,
				528D833E181089C800547A38 /* pew-pew-lei.caf in Resources */,
			);
			runOnlyForDeploymentPostprocessing = 0;
		};
		5288F8C11810864D00010BC5 /* Resources */ = {
			isa = PBXResourcesBuildPhase;
			buildActionMask = 2147483647;
			files = (
				5288F8CF1810864D00010BC5 /* InfoPlist.strings in Resources */,
			);
			runOnlyForDeploymentPostprocessing = 0;
		};
/* End PBXResourcesBuildPhase section */

/* Begin PBXSourcesBuildPhase section */
		5288F8971810864D00010BC5 /* Sources */ = {
			isa = PBXSourcesBuildPhase;
			buildActionMask = 2147483647;
			files = (
				528D83421810A81800547A38 /* GameOverScene.m in Sources */,
				5288F8B71810864D00010BC5 /* dwViewController.m in Sources */,
				5288F8BA1810864D00010BC5 /* dwMyScene.m in Sources */,
				5288F8AD1810864D00010BC5 /* main.m in Sources */,
				5288F8B11810864D00010BC5 /* dwAppDelegate.m in Sources */,
			);
			runOnlyForDeploymentPostprocessing = 0;
		};
		5288F8BF1810864D00010BC5 /* Sources */ = {
			isa = PBXSourcesBuildPhase;
			buildActionMask = 2147483647;
			files = (
				5288F8D11810864D00010BC5 /* SpriteKitSimpleGameTests.m in Sources */,
			);
			runOnlyForDeploymentPostprocessing = 0;
		};
/* End PBXSourcesBuildPhase section */

/* Begin PBXTargetDependency section */
		5288F8C91810864D00010BC5 /* PBXTargetDependency */ = {
			isa = PBXTargetDependency;
			target = 5288F89A1810864D00010BC5 /* SpriteKitSimpleGame */;
			targetProxy = 5288F8C81810864D00010BC5 /* PBXContainerItemProxy */;
		};
/* End PBXTargetDependency section */

/* Begin PBXVariantGroup section */
		5288F8A91810864D00010BC5 /* InfoPlist.strings */ = {
			isa = PBXVariantGroup;
			children = (
				5288F8AA1810864D00010BC5 /* en */,
			);
			name = InfoPlist.strings;
			sourceTree = "<group>";
		};
		5288F8B21810864D00010BC5 /* Main.storyboard */ = {
			isa = PBXVariantGroup;
			children = (
				5288F8B31810864D00010BC5 /* Base */,
			);
			name = Main.storyboard;
			sourceTree = "<group>";
		};
		5288F8CD1810864D00010BC5 /* InfoPlist.strings */ = {
			isa = PBXVariantGroup;
			children = (
				5288F8CE1810864D00010BC5 /* en */,
			);
			name = InfoPlist.strings;
			sourceTree = "<group>";
		};
/* End PBXVariantGroup section */

/* Begin XCBuildConfiguration section */
		5288F8D21810864D00010BC5 /* Debug */ = {
			isa = XCBuildConfiguration;
			buildSettings = {
				ALWAYS_SEARCH_USER_PATHS = NO;
				ARCHS = "$(ARCHS_STANDARD_INCLUDING_64_BIT)";
				CLANG_CXX_LANGUAGE_STANDARD = "gnu++0x";
				CLANG_CXX_LIBRARY = "libc++";
				CLANG_ENABLE_MODULES = YES;
				CLANG_ENABLE_OBJC_ARC = YES;
				CLANG_WARN_BOOL_CONVERSION = YES;
				CLANG_WARN_CONSTANT_CONVERSION = YES;
				CLANG_WARN_DIRECT_OBJC_ISA_USAGE = YES_ERROR;
				CLANG_WARN_EMPTY_BODY = YES;
				CLANG_WARN_ENUM_CONVERSION = YES;
				CLANG_WARN_INT_CONVERSION = YES;
				CLANG_WARN_OBJC_ROOT_CLASS = YES_ERROR;
				CLANG_WARN__DUPLICATE_METHOD_MATCH = YES;
				"CODE_SIGN_IDENTITY[sdk=iphoneos*]" = "iPhone Developer";
				COPY_PHASE_STRIP = NO;
				GCC_C_LANGUAGE_STANDARD = gnu99;
				GCC_DYNAMIC_NO_PIC = NO;
				GCC_OPTIMIZATION_LEVEL = 0;
				GCC_PREPROCESSOR_DEFINITIONS = (
					"DEBUG=1",
					"$(inherited)",
				);
				GCC_SYMBOLS_PRIVATE_EXTERN = NO;
				GCC_WARN_64_TO_32_BIT_CONVERSION = YES;
				GCC_WARN_ABOUT_RETURN_TYPE = YES_ERROR;
				GCC_WARN_UNDECLARED_SELECTOR = YES;
				GCC_WARN_UNINITIALIZED_AUTOS = YES;
				GCC_WARN_UNUSED_FUNCTION = YES;
				GCC_WARN_UNUSED_VARIABLE = YES;
				IPHONEOS_DEPLOYMENT_TARGET = 7.0;
				ONLY_ACTIVE_ARCH = YES;
				SDKROOT = iphoneos;
			};
			name = Debug;
		};
		5288F8D31810864D00010BC5 /* Release */ = {
			isa = XCBuildConfiguration;
			buildSettings = {
				ALWAYS_SEARCH_USER_PATHS = NO;
				ARCHS = "$(ARCHS_STANDARD_INCLUDING_64_BIT)";
				CLANG_CXX_LANGUAGE_STANDARD = "gnu++0x";
				CLANG_CXX_LIBRARY = "libc++";
				CLANG_ENABLE_MODULES = YES;
				CLANG_ENABLE_OBJC_ARC = YES;
				CLANG_WARN_BOOL_CONVERSION = YES;
				CLANG_WARN_CONSTANT_CONVERSION = YES;
				CLANG_WARN_DIRECT_OBJC_ISA_USAGE = YES_ERROR;
				CLANG_WARN_EMPTY_BODY = YES;
				CLANG_WARN_ENUM_CONVERSION = YES;
				CLANG_WARN_INT_CONVERSION = YES;
				CLANG_WARN_OBJC_ROOT_CLASS = YES_ERROR;
				CLANG_WARN__DUPLICATE_METHOD_MATCH = YES;
				"CODE_SIGN_IDENTITY[sdk=iphoneos*]" = "iPhone Developer";
				COPY_PHASE_STRIP = YES;
				ENABLE_NS_ASSERTIONS = NO;
				GCC_C_LANGUAGE_STANDARD = gnu99;
				GCC_WARN_64_TO_32_BIT_CONVERSION = YES;
				GCC_WARN_ABOUT_RETURN_TYPE = YES_ERROR;
				GCC_WARN_UNDECLARED_SELECTOR = YES;
				GCC_WARN_UNINITIALIZED_AUTOS = YES;
				GCC_WARN_UNUSED_FUNCTION = YES;
				GCC_WARN_UNUSED_VARIABLE = YES;
				IPHONEOS_DEPLOYMENT_TARGET = 7.0;
				SDKROOT = iphoneos;
				VALIDATE_PRODUCT = YES;
			};
			name = Release;
		};
		5288F8D51810864D00010BC5 /* Debug */ = {
			isa = XCBuildConfiguration;
			buildSettings = {
				ASSETCATALOG_COMPILER_APPICON_NAME = AppIcon;
				ASSETCATALOG_COMPILER_LAUNCHIMAGE_NAME = LaunchImage;
				GCC_PRECOMPILE_PREFIX_HEADER = YES;
				GCC_PREFIX_HEADER = "SpriteKitSimpleGame/SpriteKitSimpleGame-Prefix.pch";
				INFOPLIST_FILE = "SpriteKitSimpleGame/SpriteKitSimpleGame-Info.plist";
				PRODUCT_NAME = "$(TARGET_NAME)";
				SPRITEKIT_TEXTURE_ATLAS_OUTPUT = YES;
				WRAPPER_EXTENSION = app;
			};
			name = Debug;
		};
		5288F8D61810864D00010BC5 /* Release */ = {
			isa = XCBuildConfiguration;
			buildSettings = {
				ASSETCATALOG_COMPILER_APPICON_NAME = AppIcon;
				ASSETCATALOG_COMPILER_LAUNCHIMAGE_NAME = LaunchImage;
				GCC_PRECOMPILE_PREFIX_HEADER = YES;
				GCC_PREFIX_HEADER = "SpriteKitSimpleGame/SpriteKitSimpleGame-Prefix.pch";
				INFOPLIST_FILE = "SpriteKitSimpleGame/SpriteKitSimpleGame-Info.plist";
				PRODUCT_NAME = "$(TARGET_NAME)";
				SPRITEKIT_TEXTURE_ATLAS_OUTPUT = YES;
				WRAPPER_EXTENSION = app;
			};
			name = Release;
		};
		5288F8D81810864D00010BC5 /* Debug */ = {
			isa = XCBuildConfiguration;
			buildSettings = {
				ARCHS = "$(ARCHS_STANDARD_INCLUDING_64_BIT)";
				BUNDLE_LOADER = "$(BUILT_PRODUCTS_DIR)/SpriteKitSimpleGame.app/SpriteKitSimpleGame";
				FRAMEWORK_SEARCH_PATHS = (
					"$(SDKROOT)/Developer/Library/Frameworks",
					"$(inherited)",
					"$(DEVELOPER_FRAMEWORKS_DIR)",
				);
				GCC_PRECOMPILE_PREFIX_HEADER = YES;
				GCC_PREFIX_HEADER = "SpriteKitSimpleGame/SpriteKitSimpleGame-Prefix.pch";
				GCC_PREPROCESSOR_DEFINITIONS = (
					"DEBUG=1",
					"$(inherited)",
				);
				INFOPLIST_FILE = "SpriteKitSimpleGameTests/SpriteKitSimpleGameTests-Info.plist";
				PRODUCT_NAME = "$(TARGET_NAME)";
				TEST_HOST = "$(BUNDLE_LOADER)";
				WRAPPER_EXTENSION = xctest;
			};
			name = Debug;
		};
		5288F8D91810864D00010BC5 /* Release */ = {
			isa = XCBuildConfiguration;
			buildSettings = {
				ARCHS = "$(ARCHS_STANDARD_INCLUDING_64_BIT)";
				BUNDLE_LOADER = "$(BUILT_PRODUCTS_DIR)/SpriteKitSimpleGame.app/SpriteKitSimpleGame";
				FRAMEWORK_SEARCH_PATHS = (
					"$(SDKROOT)/Developer/Library/Frameworks",
					"$(inherited)",
					"$(DEVELOPER_FRAMEWORKS_DIR)",
				);
				GCC_PRECOMPILE_PREFIX_HEADER = YES;
				GCC_PREFIX_HEADER = "SpriteKitSimpleGame/SpriteKitSimpleGame-Prefix.pch";
				INFOPLIST_FILE = "SpriteKitSimpleGameTests/SpriteKitSimpleGameTests-Info.plist";
				PRODUCT_NAME = "$(TARGET_NAME)";
				TEST_HOST = "$(BUNDLE_LOADER)";
				WRAPPER_EXTENSION = xctest;
			};
			name = Release;
		};
/* End XCBuildConfiguration section */

/* Begin XCConfigurationList section */
		5288F8961810864D00010BC5 /* Build configuration list for PBXProject "SpriteKitSimpleGame" */ = {
			isa = XCConfigurationList;
			buildConfigurations = (
				5288F8D21810864D00010BC5 /* Debug */,
				5288F8D31810864D00010BC5 /* Release */,
			);
			defaultConfigurationIsVisible = 0;
			defaultConfigurationName = Release;
		};
		5288F8D41810864D00010BC5 /* Build configuration list for PBXNativeTarget "SpriteKitSimpleGame" */ = {
			isa = XCConfigurationList;
			buildConfigurations = (
				5288F8D51810864D00010BC5 /* Debug */,
				5288F8D61810864D00010BC5 /* Release */,
			);
			defaultConfigurationIsVisible = 0;
			defaultConfigurationName = Release;
		};
		5288F8D71810864D00010BC5 /* Build configuration list for PBXNativeTarget "SpriteKitSimpleGameTests" */ = {
			isa = XCConfigurationList;
			buildConfigurations = (
				5288F8D81810864D00010BC5 /* Debug */,
				5288F8D91810864D00010BC5 /* Release */,
			);
			defaultConfigurationIsVisible = 0;
			defaultConfigurationName = Release;
		};
/* End XCConfigurationList section */
	};
	rootObject = 5288F8931810864D00010BC5 /* Project object */;
}
